
Microsoft Visual Studio Solution File, Format Version 12.00
# Visual Studio Version 17
VisualStudioVersion = 17.4.33213.308
MinimumVisualStudioVersion = 10.0.40219.1
Project("{FAE04EC0-301F-11D3-BF4B-00C04F79EFBC}") = "diploma", "diploma\diploma.csproj", "{99B11025-2F7F-426F-96BE-04E8AB529BDF}"
EndProject
Global
	GlobalSection(SolutionConfigurationPlatforms) = preSolution
		Debug|Any CPU = Debug|Any CPU
		Release|Any CPU = Release|Any CPU
	EndGlobalSection
	GlobalSection(ProjectConfigurationPlatforms) = postSolution
		{99B11025-2F7F-426F-96BE-04E8AB529BDF}.Debug|Any CPU.ActiveCfg = Debug|Any CPU
		{99B11025-2F7F-426F-96BE-04E8AB529BDF}.Debug|Any CPU.Build.0 = Debug|Any CPU
		{99B11025-2F7F-426F-96BE-04E8AB529BDF}.Release|Any CPU.ActiveCfg = Release|Any CPU
		{99B11025-2F7F-426F-96BE-04E8AB529BDF}.Release|Any CPU.Build.0 = Release|Any CPU
	EndGlobalSection
	GlobalSection(SolutionProperties) = preSolution
		HideSolutionNode = FALSE
	EndGlobalSection
	GlobalSection(ExtensibilityGlobals) = postSolution
		SolutionGuid = {6FC05291-B1B6-477C-A9BB-7C54F9559FBB}
	EndGlobalSection
EndGlobal
